
Microsoft Visual Studio Solution File, Format Version 12.00
# Visual Studio Version 17
VisualStudioVersion = 17.6.33815.320
MinimumVisualStudioVersion = 10.0.40219.1
Project("{FAE04EC0-301F-11D3-BF4B-00C04F79EFBC}") = "DBFIrstApproachPractice", "DBFIrstApproachPractice\DBFIrstApproachPractice.csproj", "{06F30D68-F7ED-4C06-B991-E853019DAA0E}"
EndProject
Global
	GlobalSection(SolutionConfigurationPlatforms) = preSolution
		Debug|Any CPU = Debug|Any CPU
		Release|Any CPU = Release|Any CPU
	EndGlobalSection
	GlobalSection(ProjectConfigurationPlatforms) = postSolution
		{06F30D68-F7ED-4C06-B991-E853019DAA0E}.Debug|Any CPU.ActiveCfg = Debug|Any CPU
		{06F30D68-F7ED-4C06-B991-E853019DAA0E}.Debug|Any CPU.Build.0 = Debug|Any CPU
		{06F30D68-F7ED-4C06-B991-E853019DAA0E}.Release|Any CPU.ActiveCfg = Release|Any CPU
		{06F30D68-F7ED-4C06-B991-E853019DAA0E}.Release|Any CPU.Build.0 = Release|Any CPU
	EndGlobalSection
	GlobalSection(SolutionProperties) = preSolution
		HideSolutionNode = FALSE
	EndGlobalSection
	GlobalSection(ExtensibilityGlobals) = postSolution
		SolutionGuid = {7D0AFC9B-961A-48EB-B8CB-3BC03BA10F18}
	EndGlobalSection
EndGlobal
