
Microsoft Visual Studio Solution File, Format Version 12.00
# Visual Studio Version 17
VisualStudioVersion = 17.6.33815.320
MinimumVisualStudioVersion = 10.0.40219.1
Project("{FAE04EC0-301F-11D3-BF4B-00C04F79EFBC}") = "WebApiPractice3", "WebApiPractice3\WebApiPractice3.csproj", "{43022886-363C-4D51-9815-6523D4D416FE}"
EndProject
Global
	GlobalSection(SolutionConfigurationPlatforms) = preSolution
		Debug|Any CPU = Debug|Any CPU
		Release|Any CPU = Release|Any CPU
	EndGlobalSection
	GlobalSection(ProjectConfigurationPlatforms) = postSolution
		{43022886-363C-4D51-9815-6523D4D416FE}.Debug|Any CPU.ActiveCfg = Debug|Any CPU
		{43022886-363C-4D51-9815-6523D4D416FE}.Debug|Any CPU.Build.0 = Debug|Any CPU
		{43022886-363C-4D51-9815-6523D4D416FE}.Release|Any CPU.ActiveCfg = Release|Any CPU
		{43022886-363C-4D51-9815-6523D4D416FE}.Release|Any CPU.Build.0 = Release|Any CPU
	EndGlobalSection
	GlobalSection(SolutionProperties) = preSolution
		HideSolutionNode = FALSE
	EndGlobalSection
	GlobalSection(ExtensibilityGlobals) = postSolution
		SolutionGuid = {896396A5-3560-4E0D-83B6-7635E382DEE9}
	EndGlobalSection
EndGlobal
