
Microsoft Visual Studio Solution File, Format Version 12.00
# Visual Studio Version 17
VisualStudioVersion = 17.6.33815.320
MinimumVisualStudioVersion = 10.0.40219.1
Project("{FAE04EC0-301F-11D3-BF4B-00C04F79EFBC}") = "MVCMobile", "MVCMobile\MVCMobile.csproj", "{0757696A-FEDD-4E5B-B15F-824134F6D5F1}"
EndProject
Global
	GlobalSection(SolutionConfigurationPlatforms) = preSolution
		Debug|Any CPU = Debug|Any CPU
		Release|Any CPU = Release|Any CPU
	EndGlobalSection
	GlobalSection(ProjectConfigurationPlatforms) = postSolution
		{0757696A-FEDD-4E5B-B15F-824134F6D5F1}.Debug|Any CPU.ActiveCfg = Debug|Any CPU
		{0757696A-FEDD-4E5B-B15F-824134F6D5F1}.Debug|Any CPU.Build.0 = Debug|Any CPU
		{0757696A-FEDD-4E5B-B15F-824134F6D5F1}.Release|Any CPU.ActiveCfg = Release|Any CPU
		{0757696A-FEDD-4E5B-B15F-824134F6D5F1}.Release|Any CPU.Build.0 = Release|Any CPU
	EndGlobalSection
	GlobalSection(SolutionProperties) = preSolution
		HideSolutionNode = FALSE
	EndGlobalSection
	GlobalSection(ExtensibilityGlobals) = postSolution
		SolutionGuid = {8486E683-930D-4A5F-BF21-F06E1AAC859E}
	EndGlobalSection
EndGlobal
